
Microsoft Visual Studio Solution File, Format Version 12.00
# Visual Studio 15
VisualStudioVersion = 15.0.28307.572
MinimumVisualStudioVersion = 10.0.40219.1
Project("{8BC9CEB8-8B4A-11D0-8D11-00A0C91BC942}") = "SwordaAssist", "SwordaAssist\SwordaAssist.vcxproj", "{CE59FDB4-CBD5-4ACB-80C7-5D93EFBBBCF8}"
EndProject
Global
	GlobalSection(SolutionConfigurationPlatforms) = preSolution
		Debug|x64 = Debug|x64
		Debug|x86 = Debug|x86
		Release|x64 = Release|x64
		Release|x86 = Release|x86
	EndGlobalSection
	GlobalSection(ProjectConfigurationPlatforms) = postSolution
		{CE59FDB4-CBD5-4ACB-80C7-5D93EFBBBCF8}.Debug|x64.ActiveCfg = Debug|x64
		{CE59FDB4-CBD5-4ACB-80C7-5D93EFBBBCF8}.Debug|x64.Build.0 = Debug|x64
		{CE59FDB4-CBD5-4ACB-80C7-5D93EFBBBCF8}.Debug|x86.ActiveCfg = Debug|Win32
		{CE59FDB4-CBD5-4ACB-80C7-5D93EFBBBCF8}.Debug|x86.Build.0 = Debug|Win32
		{CE59FDB4-CBD5-4ACB-80C7-5D93EFBBBCF8}.Release|x64.ActiveCfg = Release|x64
		{CE59FDB4-CBD5-4ACB-80C7-5D93EFBBBCF8}.Release|x64.Build.0 = Release|x64
		{CE59FDB4-CBD5-4ACB-80C7-5D93EFBBBCF8}.Release|x86.ActiveCfg = Release|Win32
		{CE59FDB4-CBD5-4ACB-80C7-5D93EFBBBCF8}.Release|x86.Build.0 = Release|Win32
	EndGlobalSection
	GlobalSection(SolutionProperties) = preSolution
		HideSolutionNode = FALSE
	EndGlobalSection
	GlobalSection(ExtensibilityGlobals) = postSolution
		SolutionGuid = {FED3A029-E491-4964-AFE2-3A3AD8B4CAEF}
	EndGlobalSection
EndGlobal
