<?xml version="1.0" encoding="utf-8"?>
<Project ToolsVersion="4.0" xmlns="http://schemas.microsoft.com/developer/msbuild/2003">
  <ItemGroup>
    <Filter Include="源文件">
      <UniqueIdentifier>{4FC737F1-C7A5-4376-A066-2A32D752A2FF}</UniqueIdentifier>
      <Extensions>cpp;c;cc;cxx;def;odl;idl;hpj;bat;asm;asmx</Extensions>
    </Filter>
    <Filter Include="头文件">
      <UniqueIdentifier>{93995380-89BD-4b04-88EB-625FBE52EBFB}</UniqueIdentifier>
      <Extensions>h;hh;hpp;hxx;hm;inl;inc;ipp;xsd</Extensions>
    </Filter>
    <Filter Include="资源文件">
      <UniqueIdentifier>{67DA6AB6-F800-4c08-8B7A-83BB121AAD01}</UniqueIdentifier>
      <Extensions>rc;ico;cur;bmp;dlg;rc2;rct;bin;rgs;gif;jpg;jpeg;jpe;resx;tiff;tif;png;wav;mfcribbon-ms</Extensions>
    </Filter>
    <Filter Include="源文件\model">
      <UniqueIdentifier>{894258d1-9abd-44a3-b56f-1c6c5e14ad25}</UniqueIdentifier>
    </Filter>
    <Filter Include="源文件\thread">
      <UniqueIdentifier>{8ee73d69-25e3-4580-aed8-c5a652a46a9b}</UniqueIdentifier>
    </Filter>
    <Filter Include="源文件\services">
      <UniqueIdentifier>{9e09bc24-39b4-4c49-bcb0-03cf1f5a995c}</UniqueIdentifier>
    </Filter>
  </ItemGroup>
  <ItemGroup>
    <ClInclude Include="stdafx.h">
      <Filter>头文件</Filter>
    </ClInclude>
    <ClInclude Include="targetver.h">
      <Filter>头文件</Filter>
    </ClInclude>
    <ClInclude Include="Resource.h">
      <Filter>头文件</Filter>
    </ClInclude>
    <ClInclude Include="SwordaAssist.h">
      <Filter>头文件</Filter>
    </ClInclude>
    <ClInclude Include="AssistData.h">
      <Filter>头文件</Filter>
    </ClInclude>
    <ClInclude Include="Spirit.h">
      <Filter>头文件</Filter>
    </ClInclude>
    <ClInclude Include="MemeryTamperingService.h">
      <Filter>头文件</Filter>
    </ClInclude>
    <ClInclude Include="GameControlThread.h">
      <Filter>头文件</Filter>
    </ClInclude>
    <ClInclude Include="Common.h">
      <Filter>头文件</Filter>
    </ClInclude>
    <ClInclude Include="SpiritAutoProtect.h">
      <Filter>头文件</Filter>
    </ClInclude>
  </ItemGroup>
  <ItemGroup>
    <ClCompile Include="stdafx.cpp">
      <Filter>源文件</Filter>
    </ClCompile>
    <ClCompile Include="SwordaAssist.cpp">
      <Filter>源文件</Filter>
    </ClCompile>
    <ClCompile Include="AssistData.cpp">
      <Filter>源文件\model</Filter>
    </ClCompile>
    <ClCompile Include="Spirit.cpp">
      <Filter>源文件\model</Filter>
    </ClCompile>
    <ClCompile Include="MemeryTamperingService.cpp">
      <Filter>源文件\services</Filter>
    </ClCompile>
    <ClCompile Include="GameControlThread.cpp">
      <Filter>源文件\thread</Filter>
    </ClCompile>
    <ClCompile Include="SpiritAutoProtect.cpp">
      <Filter>源文件\model</Filter>
    </ClCompile>
  </ItemGroup>
  <ItemGroup>
    <ResourceCompile Include="SwordaAssist.rc">
      <Filter>资源文件</Filter>
    </ResourceCompile>
  </ItemGroup>
  <ItemGroup>
    <Image Include="Assist.ico">
      <Filter>资源文件</Filter>
    </Image>
    <Image Include="wenwen.bmp">
      <Filter>资源文件</Filter>
    </Image>
  </ItemGroup>
</Project>